{
  "name": "plugin-i",
  "version": "1.0.0",
  "lockfileVersion": 3,
  "requires": true,
  "packages": {
    "": {
      "name": "plugin-i",
      "version": "1.0.0",
      "dependencies": {
        "@softarc/sheriff-ui": "file:./plugins/sheriff-ui",
        "mberger-junit-sheriff": "file:./plugins/mberger-junit-sheriff"
      }
    },
    "node_modules/@softarc/sheriff-ui": {
      "resolved": "plugins/sheriff-ui",
      "link": true
    },
    "node_modules/mberger-junit-sheriff": {
      "resolved": "plugins/mberger-junit-sheriff",
      "link": true
    },
    "plugins/mberger-junit-sheriff": {
      "version": "1.0.0"
    },
    "plugins/sheriff-ui": {
      "name": "@softarc/sheriff-ui",
      "version": "1.0.0"
    }
  }
}
